# This file is automatically @generated by Cargo.
# It is not intended for manual editing.
version = 3

[[package]]
name = "cherrywood"
version = "0.1.0"
dependencies = [
 "cherrywood_functional",
 "cherrywood_widgets",
]

[[package]]
name = "cherrywood_functional"
version = "0.1.0"

[[package]]
name = "cherrywood_widgets"
version = "0.1.0"
dependencies = [
 "cherrywood_functional",
]
